<?xml version="1.0" encoding="utf-8"?>
<Project ToolsVersion="4.0" xmlns="http://schemas.microsoft.com/developer/msbuild/2003">
  <ItemGroup>
    <Filter Include="Source Files">
      <UniqueIdentifier>{ab2b1ef2-fc4c-4bd3-a24a-ba0cfd0d6759}</UniqueIdentifier>
      <Extensions>cpp;c;cxx;rc;def;r;odl;idl;hpj;bat</Extensions>
    </Filter>
    <Filter Include="Header Files">
      <UniqueIdentifier>{011cbb8e-4d64-40cc-92ee-4d2247197f27}</UniqueIdentifier>
      <Extensions>h;hpp;hxx;hm;inl</Extensions>
    </Filter>
    <Filter Include="Resource Files">
      <UniqueIdentifier>{8abbe501-ef1b-46b0-8790-193469701d6c}</UniqueIdentifier>
      <Extensions>ico;cur;bmp;dlg;rc2;rct;bin;rgs;gif;jpg;jpeg;jpe</Extensions>
    </Filter>
  </ItemGroup>
  <ItemGroup>
    <ClCompile Include="AbstractParser.cpp">
      <Filter>Source Files</Filter>
    </ClCompile>
    <ClCompile Include="AbstractParseTree.cpp">
      <Filter>Source Files</Filter>
    </ClCompile>
    <ClCompile Include="BTHeapParser.cpp">
      <Filter>Source Files</Filter>
    </ClCompile>
    <ClCompile Include="BTParser.cpp">
      <Filter>Source Files</Filter>
    </ClCompile>
    <ClCompile Include="CodePages.cpp">
      <Filter>Source Files</Filter>
    </ClCompile>
    <ClCompile Include="Dictionary.cpp">
      <Filter>Source Files</Filter>
    </ClCompile>
    <ClCompile Include="Ident.cpp">
      <Filter>Source Files</Filter>
    </ClCompile>
    <ClCompile Include="LL1HeapParser.cpp">
      <Filter>Source Files</Filter>
    </ClCompile>
    <ClCompile Include="LL1Parser.cpp">
      <Filter>Source Files</Filter>
    </ClCompile>
    <ClCompile Include="ParParser.cpp">
      <Filter>Source Files</Filter>
    </ClCompile>
    <ClCompile Include="ParserGrammar.cpp">
      <Filter>Source Files</Filter>
    </ClCompile>
    <ClCompile Include="ProtosScanner.cpp">
      <Filter>Source Files</Filter>
    </ClCompile>
    <ClCompile Include="RcScanner.cpp">
      <Filter>Source Files</Filter>
    </ClCompile>
    <ClCompile Include="RcTransl.cpp">
      <Filter>Source Files</Filter>
    </ClCompile>
    <ClCompile Include="Scanner.cpp">
      <Filter>Source Files</Filter>
    </ClCompile>
    <ClCompile Include="Streams.cpp">
      <Filter>Source Files</Filter>
    </ClCompile>
    <ClCompile Include="TextFileBuffer.cpp">
      <Filter>Source Files</Filter>
    </ClCompile>
    <ClCompile Include="TextReader.cpp">
      <Filter>Source Files</Filter>
    </ClCompile>
    <ClCompile Include="TMX.cpp">
      <Filter>Source Files</Filter>
    </ClCompile>
    <ClCompile Include="Unparser.cpp">
      <Filter>Source Files</Filter>
    </ClCompile>
    <ClCompile Include="XMLParser.cpp">
      <Filter>Source Files</Filter>
    </ClCompile>
    <ClCompile Include="XMLStreamer.cpp">
      <Filter>Source Files</Filter>
    </ClCompile>
    <ClCompile Include="String.cpp">
      <Filter>Source Files</Filter>
    </ClCompile>
  </ItemGroup>
  <ItemGroup>
    <ClInclude Include="AbstractParser.h">
      <Filter>Header Files</Filter>
    </ClInclude>
    <ClInclude Include="AbstractParseTree.h">
      <Filter>Header Files</Filter>
    </ClInclude>
    <ClInclude Include="BTHeapParser.h">
      <Filter>Header Files</Filter>
    </ClInclude>
    <ClInclude Include="BTParser.h">
      <Filter>Header Files</Filter>
    </ClInclude>
    <ClInclude Include="CodePages.h">
      <Filter>Header Files</Filter>
    </ClInclude>
    <ClInclude Include="Dictionary.h">
      <Filter>Header Files</Filter>
    </ClInclude>
    <ClInclude Include="Ident.h">
      <Filter>Header Files</Filter>
    </ClInclude>
    <ClInclude Include="LL1HeapParser.h">
      <Filter>Header Files</Filter>
    </ClInclude>
    <ClInclude Include="LL1Parser.h">
      <Filter>Header Files</Filter>
    </ClInclude>
    <ClInclude Include="ParParser.h">
      <Filter>Header Files</Filter>
    </ClInclude>
    <ClInclude Include="ParserGrammar.h">
      <Filter>Header Files</Filter>
    </ClInclude>
    <ClInclude Include="ParseSolution.h">
      <Filter>Header Files</Filter>
    </ClInclude>
    <ClInclude Include="ProtosScanner.h">
      <Filter>Header Files</Filter>
    </ClInclude>
    <ClInclude Include="RcScanner.h">
      <Filter>Header Files</Filter>
    </ClInclude>
    <ClInclude Include="Scanner.h">
      <Filter>Header Files</Filter>
    </ClInclude>
    <ClInclude Include="Streams.h">
      <Filter>Header Files</Filter>
    </ClInclude>
    <ClInclude Include="TextFileBuffer.h">
      <Filter>Header Files</Filter>
    </ClInclude>
    <ClInclude Include="TextFilePos.h">
      <Filter>Header Files</Filter>
    </ClInclude>
    <ClInclude Include="TextReader.h">
      <Filter>Header Files</Filter>
    </ClInclude>
    <ClInclude Include="TMX.h">
      <Filter>Header Files</Filter>
    </ClInclude>
    <ClInclude Include="Unparser.h">
      <Filter>Header Files</Filter>
    </ClInclude>
    <ClInclude Include="XMLParser.h">
      <Filter>Header Files</Filter>
    </ClInclude>
    <ClInclude Include="XMLStreamer.h">
      <Filter>Header Files</Filter>
    </ClInclude>
    <ClInclude Include="String.h">
      <Filter>Header Files</Filter>
    </ClInclude>
  </ItemGroup>
</Project>